// !$*UTF8*$!
{
	archiveVersion = 1;
	classes = {
	};
	objectVersion = 55;
	objects = {

/* Begin PBXBuildFile section */
		0405DC5B284D4E59005C0111 /* AppDelegate.swift in Sources */ = {isa = PBXBuildFile; fileRef = 0405DC5A284D4E59005C0111 /* AppDelegate.swift */; };
		0405DC5D284D4E59005C0111 /* SceneDelegate.swift in Sources */ = {isa = PBXBuildFile; fileRef = 0405DC5C284D4E59005C0111 /* SceneDelegate.swift */; };
		0405DC5F284D4E59005C0111 /* WelcomeViewController.swift in Sources */ = {isa = PBXBuildFile; fileRef = 0405DC5E284D4E59005C0111 /* WelcomeViewController.swift */; };
		0405DC62284D4E59005C0111 /* Main.storyboard in Resources */ = {isa = PBXBuildFile; fileRef = 0405DC60284D4E59005C0111 /* Main.storyboard */; };
		0405DC64284D4E5A005C0111 /* Assets.xcassets in Resources */ = {isa = PBXBuildFile; fileRef = 0405DC63284D4E5A005C0111 /* Assets.xcassets */; };
		0405DC67284D4E5A005C0111 /* LaunchScreen.storyboard in Resources */ = {isa = PBXBuildFile; fileRef = 0405DC65284D4E5A005C0111 /* LaunchScreen.storyboard */; };
		0405DC83284DBEDD005C0111 /* Poppins-MediumItalic.ttf in Resources */ = {isa = PBXBuildFile; fileRef = 0405DC71284DBEDD005C0111 /* Poppins-MediumItalic.ttf */; };
		0405DC84284DBEDD005C0111 /* Poppins-Light.ttf in Resources */ = {isa = PBXBuildFile; fileRef = 0405DC72284DBEDD005C0111 /* Poppins-Light.ttf */; };
		0405DC85284DBEDD005C0111 /* Poppins-SemiBold.ttf in Resources */ = {isa = PBXBuildFile; fileRef = 0405DC73284DBEDD005C0111 /* Poppins-SemiBold.ttf */; };
		0405DC86284DBEDD005C0111 /* Poppins-ExtraLight.ttf in Resources */ = {isa = PBXBuildFile; fileRef = 0405DC74284DBEDD005C0111 /* Poppins-ExtraLight.ttf */; };
		0405DC87284DBEDD005C0111 /* Poppins-Medium.ttf in Resources */ = {isa = PBXBuildFile; fileRef = 0405DC75284DBEDD005C0111 /* Poppins-Medium.ttf */; };
		0405DC88284DBEDD005C0111 /* Poppins-ExtraBoldItalic.ttf in Resources */ = {isa = PBXBuildFile; fileRef = 0405DC76284DBEDD005C0111 /* Poppins-ExtraBoldItalic.ttf */; };
		0405DC89284DBEDD005C0111 /* Poppins-ThinItalic.ttf in Resources */ = {isa = PBXBuildFile; fileRef = 0405DC77284DBEDD005C0111 /* Poppins-ThinItalic.ttf */; };
		0405DC8A284DBEDD005C0111 /* Poppins-Bold.ttf in Resources */ = {isa = PBXBuildFile; fileRef = 0405DC78284DBEDD005C0111 /* Poppins-Bold.ttf */; };
		0405DC8B284DBEDD005C0111 /* Poppins-BoldItalic.ttf in Resources */ = {isa = PBXBuildFile; fileRef = 0405DC79284DBEDD005C0111 /* Poppins-BoldItalic.ttf */; };
		0405DC8C284DBEDD005C0111 /* Poppins-ExtraLightItalic.ttf in Resources */ = {isa = PBXBuildFile; fileRef = 0405DC7A284DBEDD005C0111 /* Poppins-ExtraLightItalic.ttf */; };
		0405DC8D284DBEDD005C0111 /* Poppins-Black.ttf in Resources */ = {isa = PBXBuildFile; fileRef = 0405DC7B284DBEDD005C0111 /* Poppins-Black.ttf */; };
		0405DC8E284DBEDD005C0111 /* Poppins-Thin.ttf in Resources */ = {isa = PBXBuildFile; fileRef = 0405DC7C284DBEDD005C0111 /* Poppins-Thin.ttf */; };
		0405DC8F284DBEDD005C0111 /* Poppins-BlackItalic.ttf in Resources */ = {isa = PBXBuildFile; fileRef = 0405DC7D284DBEDD005C0111 /* Poppins-BlackItalic.ttf */; };
		0405DC90284DBEDD005C0111 /* Poppins-ExtraBold.ttf in Resources */ = {isa = PBXBuildFile; fileRef = 0405DC7E284DBEDD005C0111 /* Poppins-ExtraBold.ttf */; };
		0405DC91284DBEDD005C0111 /* Poppins-LightItalic.ttf in Resources */ = {isa = PBXBuildFile; fileRef = 0405DC7F284DBEDD005C0111 /* Poppins-LightItalic.ttf */; };
		0405DC92284DBEDD005C0111 /* Poppins-Regular.ttf in Resources */ = {isa = PBXBuildFile; fileRef = 0405DC80284DBEDD005C0111 /* Poppins-Regular.ttf */; };
		0405DC93284DBEDD005C0111 /* Poppins-SemiBoldItalic.ttf in Resources */ = {isa = PBXBuildFile; fileRef = 0405DC81284DBEDD005C0111 /* Poppins-SemiBoldItalic.ttf */; };
		0405DC94284DBEDD005C0111 /* Poppins-Italic.ttf in Resources */ = {isa = PBXBuildFile; fileRef = 0405DC82284DBEDD005C0111 /* Poppins-Italic.ttf */; };
		0405DC96284DC080005C0111 /* Auth.storyboard in Resources */ = {isa = PBXBuildFile; fileRef = 0405DC95284DC080005C0111 /* Auth.storyboard */; };
		0405DC99284DC4BA005C0111 /* ColorPalette.swift in Sources */ = {isa = PBXBuildFile; fileRef = 0405DC98284DC4BA005C0111 /* ColorPalette.swift */; };
/* End PBXBuildFile section */

/* Begin PBXFileReference section */
		0405DC57284D4E59005C0111 /* GoFit.app */ = {isa = PBXFileReference; explicitFileType = wrapper.application; includeInIndex = 0; path = GoFit.app; sourceTree = BUILT_PRODUCTS_DIR; };
		0405DC5A284D4E59005C0111 /* AppDelegate.swift */ = {isa = PBXFileReference; lastKnownFileType = sourcecode.swift; path = AppDelegate.swift; sourceTree = "<group>"; };
		0405DC5C284D4E59005C0111 /* SceneDelegate.swift */ = {isa = PBXFileReference; lastKnownFileType = sourcecode.swift; path = SceneDelegate.swift; sourceTree = "<group>"; };
		0405DC5E284D4E59005C0111 /* WelcomeViewController.swift */ = {isa = PBXFileReference; lastKnownFileType = sourcecode.swift; path = WelcomeViewController.swift; sourceTree = "<group>"; };
		0405DC61284D4E59005C0111 /* Base */ = {isa = PBXFileReference; lastKnownFileType = file.storyboard; name = Base; path = Base.lproj/Main.storyboard; sourceTree = "<group>"; };
		0405DC63284D4E5A005C0111 /* Assets.xcassets */ = {isa = PBXFileReference; lastKnownFileType = folder.assetcatalog; path = Assets.xcassets; sourceTree = "<group>"; };
		0405DC66284D4E5A005C0111 /* Base */ = {isa = PBXFileReference; lastKnownFileType = file.storyboard; name = Base; path = Base.lproj/LaunchScreen.storyboard; sourceTree = "<group>"; };
		0405DC68284D4E5A005C0111 /* Info.plist */ = {isa = PBXFileReference; lastKnownFileType = text.plist.xml; path = Info.plist; sourceTree = "<group>"; };
		0405DC71284DBEDD005C0111 /* Poppins-MediumItalic.ttf */ = {isa = PBXFileReference; lastKnownFileType = file; path = "Poppins-MediumItalic.ttf"; sourceTree = "<group>"; };
		0405DC72284DBEDD005C0111 /* Poppins-Light.ttf */ = {isa = PBXFileReference; lastKnownFileType = file; path = "Poppins-Light.ttf"; sourceTree = "<group>"; };
		0405DC73284DBEDD005C0111 /* Poppins-SemiBold.ttf */ = {isa = PBXFileReference; lastKnownFileType = file; path = "Poppins-SemiBold.ttf"; sourceTree = "<group>"; };
		0405DC74284DBEDD005C0111 /* Poppins-ExtraLight.ttf */ = {isa = PBXFileReference; lastKnownFileType = file; path = "Poppins-ExtraLight.ttf"; sourceTree = "<group>"; };
		0405DC75284DBEDD005C0111 /* Poppins-Medium.ttf */ = {isa = PBXFileReference; lastKnownFileType = file; path = "Poppins-Medium.ttf"; sourceTree = "<group>"; };
		0405DC76284DBEDD005C0111 /* Poppins-ExtraBoldItalic.ttf */ = {isa = PBXFileReference; lastKnownFileType = file; path = "Poppins-ExtraBoldItalic.ttf"; sourceTree = "<group>"; };
		0405DC77284DBEDD005C0111 /* Poppins-ThinItalic.ttf */ = {isa = PBXFileReference; lastKnownFileType = file; path = "Poppins-ThinItalic.ttf"; sourceTree = "<group>"; };
		0405DC78284DBEDD005C0111 /* Poppins-Bold.ttf */ = {isa = PBXFileReference; lastKnownFileType = file; path = "Poppins-Bold.ttf"; sourceTree = "<group>"; };
		0405DC79284DBEDD005C0111 /* Poppins-BoldItalic.ttf */ = {isa = PBXFileReference; lastKnownFileType = file; path = "Poppins-BoldItalic.ttf"; sourceTree = "<group>"; };
		0405DC7A284DBEDD005C0111 /* Poppins-ExtraLightItalic.ttf */ = {isa = PBXFileReference; lastKnownFileType = file; path = "Poppins-ExtraLightItalic.ttf"; sourceTree = "<group>"; };
		0405DC7B284DBEDD005C0111 /* Poppins-Black.ttf */ = {isa = PBXFileReference; lastKnownFileType = file; path = "Poppins-Black.ttf"; sourceTree = "<group>"; };
		0405DC7C284DBEDD005C0111 /* Poppins-Thin.ttf */ = {isa = PBXFileReference; lastKnownFileType = file; path = "Poppins-Thin.ttf"; sourceTree = "<group>"; };
		0405DC7D284DBEDD005C0111 /* Poppins-BlackItalic.ttf */ = {isa = PBXFileReference; lastKnownFileType = file; path = "Poppins-BlackItalic.ttf"; sourceTree = "<group>"; };
		0405DC7E284DBEDD005C0111 /* Poppins-ExtraBold.ttf */ = {isa = PBXFileReference; lastKnownFileType = file; path = "Poppins-ExtraBold.ttf"; sourceTree = "<group>"; };
		0405DC7F284DBEDD005C0111 /* Poppins-LightItalic.ttf */ = {isa = PBXFileReference; lastKnownFileType = file; path = "Poppins-LightItalic.ttf"; sourceTree = "<group>"; };
		0405DC80284DBEDD005C0111 /* Poppins-Regular.ttf */ = {isa = PBXFileReference; lastKnownFileType = file; path = "Poppins-Regular.ttf"; sourceTree = "<group>"; };
		0405DC81284DBEDD005C0111 /* Poppins-SemiBoldItalic.ttf */ = {isa = PBXFileReference; lastKnownFileType = file; path = "Poppins-SemiBoldItalic.ttf"; sourceTree = "<group>"; };
		0405DC82284DBEDD005C0111 /* Poppins-Italic.ttf */ = {isa = PBXFileReference; lastKnownFileType = file; path = "Poppins-Italic.ttf"; sourceTree = "<group>"; };
		0405DC95284DC080005C0111 /* Auth.storyboard */ = {isa = PBXFileReference; lastKnownFileType = file.storyboard; path = Auth.storyboard; sourceTree = "<group>"; };
		0405DC98284DC4BA005C0111 /* ColorPalette.swift */ = {isa = PBXFileReference; lastKnownFileType = sourcecode.swift; path = ColorPalette.swift; sourceTree = "<group>"; };
/* End PBXFileReference section */

/* Begin PBXFrameworksBuildPhase section */
		0405DC54284D4E59005C0111 /* Frameworks */ = {
			isa = PBXFrameworksBuildPhase;
			buildActionMask = 2147483647;
			files = (
			);
			runOnlyForDeploymentPostprocessing = 0;
		};
/* End PBXFrameworksBuildPhase section */

/* Begin PBXGroup section */
		0405DC4E284D4E59005C0111 = {
			isa = PBXGroup;
			children = (
				0405DC59284D4E59005C0111 /* GoFit */,
				0405DC58284D4E59005C0111 /* Products */,
			);
			sourceTree = "<group>";
		};
		0405DC58284D4E59005C0111 /* Products */ = {
			isa = PBXGroup;
			children = (
				0405DC57284D4E59005C0111 /* GoFit.app */,
			);
			name = Products;
			sourceTree = "<group>";
		};
		0405DC59284D4E59005C0111 /* GoFit */ = {
			isa = PBXGroup;
			children = (
				0405DC97284DC49B005C0111 /* Static */,
				0405DC70284DBECC005C0111 /* Fonts */,
				0405DC6E284DBCDD005C0111 /* Supporting files */,
				0405DC6F284DBCF7005C0111 /* ViewControllers */,
				0405DC95284DC080005C0111 /* Auth.storyboard */,
				0405DC60284D4E59005C0111 /* Main.storyboard */,
				0405DC63284D4E5A005C0111 /* Assets.xcassets */,
				0405DC68284D4E5A005C0111 /* Info.plist */,
			);
			path = GoFit;
			sourceTree = "<group>";
		};
		0405DC6E284DBCDD005C0111 /* Supporting files */ = {
			isa = PBXGroup;
			children = (
				0405DC5A284D4E59005C0111 /* AppDelegate.swift */,
				0405DC5C284D4E59005C0111 /* SceneDelegate.swift */,
				0405DC65284D4E5A005C0111 /* LaunchScreen.storyboard */,
			);
			path = "Supporting files";
			sourceTree = "<group>";
		};
		0405DC6F284DBCF7005C0111 /* ViewControllers */ = {
			isa = PBXGroup;
			children = (
				0405DC5E284D4E59005C0111 /* WelcomeViewController.swift */,
			);
			path = ViewControllers;
			sourceTree = "<group>";
		};
		0405DC70284DBECC005C0111 /* Fonts */ = {
			isa = PBXGroup;
			children = (
				0405DC7B284DBEDD005C0111 /* Poppins-Black.ttf */,
				0405DC7D284DBEDD005C0111 /* Poppins-BlackItalic.ttf */,
				0405DC78284DBEDD005C0111 /* Poppins-Bold.ttf */,
				0405DC79284DBEDD005C0111 /* Poppins-BoldItalic.ttf */,
				0405DC7E284DBEDD005C0111 /* Poppins-ExtraBold.ttf */,
				0405DC76284DBEDD005C0111 /* Poppins-ExtraBoldItalic.ttf */,
				0405DC74284DBEDD005C0111 /* Poppins-ExtraLight.ttf */,
				0405DC7A284DBEDD005C0111 /* Poppins-ExtraLightItalic.ttf */,
				0405DC82284DBEDD005C0111 /* Poppins-Italic.ttf */,
				0405DC72284DBEDD005C0111 /* Poppins-Light.ttf */,
				0405DC7F284DBEDD005C0111 /* Poppins-LightItalic.ttf */,
				0405DC75284DBEDD005C0111 /* Poppins-Medium.ttf */,
				0405DC71284DBEDD005C0111 /* Poppins-MediumItalic.ttf */,
				0405DC80284DBEDD005C0111 /* Poppins-Regular.ttf */,
				0405DC73284DBEDD005C0111 /* Poppins-SemiBold.ttf */,
				0405DC81284DBEDD005C0111 /* Poppins-SemiBoldItalic.ttf */,
				0405DC7C284DBEDD005C0111 /* Poppins-Thin.ttf */,
				0405DC77284DBEDD005C0111 /* Poppins-ThinItalic.ttf */,
			);
			path = Fonts;
			sourceTree = "<group>";
		};
		0405DC97284DC49B005C0111 /* Static */ = {
			isa = PBXGroup;
			children = (
				0405DC98284DC4BA005C0111 /* ColorPalette.swift */,
			);
			path = Static;
			sourceTree = "<group>";
		};
/* End PBXGroup section */

/* Begin PBXNativeTarget section */
		0405DC56284D4E59005C0111 /* GoFit */ = {
			isa = PBXNativeTarget;
			buildConfigurationList = 0405DC6B284D4E5A005C0111 /* Build configuration list for PBXNativeTarget "GoFit" */;
			buildPhases = (
				0405DC53284D4E59005C0111 /* Sources */,
				0405DC54284D4E59005C0111 /* Frameworks */,
				0405DC55284D4E59005C0111 /* Resources */,
			);
			buildRules = (
			);
			dependencies = (
			);
			name = GoFit;
			productName = GoFit;
			productReference = 0405DC57284D4E59005C0111 /* GoFit.app */;
			productType = "com.apple.product-type.application";
		};
/* End PBXNativeTarget section */

/* Begin PBXProject section */
		0405DC4F284D4E59005C0111 /* Project object */ = {
			isa = PBXProject;
			attributes = {
				BuildIndependentTargetsInParallel = 1;
				LastSwiftUpdateCheck = 1330;
				LastUpgradeCheck = 1330;
				TargetAttributes = {
					0405DC56284D4E59005C0111 = {
						CreatedOnToolsVersion = 13.3.1;
					};
				};
			};
			buildConfigurationList = 0405DC52284D4E59005C0111 /* Build configuration list for PBXProject "GoFit" */;
			compatibilityVersion = "Xcode 13.0";
			developmentRegion = en;
			hasScannedForEncodings = 0;
			knownRegions = (
				en,
				Base,
			);
			mainGroup = 0405DC4E284D4E59005C0111;
			productRefGroup = 0405DC58284D4E59005C0111 /* Products */;
			projectDirPath = "";
			projectRoot = "";
			targets = (
				0405DC56284D4E59005C0111 /* GoFit */,
			);
		};
/* End PBXProject section */

/* Begin PBXResourcesBuildPhase section */
		0405DC55284D4E59005C0111 /* Resources */ = {
			isa = PBXResourcesBuildPhase;
			buildActionMask = 2147483647;
			files = (
				0405DC67284D4E5A005C0111 /* LaunchScreen.storyboard in Resources */,
				0405DC84284DBEDD005C0111 /* Poppins-Light.ttf in Resources */,
				0405DC83284DBEDD005C0111 /* Poppins-MediumItalic.ttf in Resources */,
				0405DC8B284DBEDD005C0111 /* Poppins-BoldItalic.ttf in Resources */,
				0405DC88284DBEDD005C0111 /* Poppins-ExtraBoldItalic.ttf in Resources */,
				0405DC93284DBEDD005C0111 /* Poppins-SemiBoldItalic.ttf in Resources */,
				0405DC85284DBEDD005C0111 /* Poppins-SemiBold.ttf in Resources */,
				0405DC64284D4E5A005C0111 /* Assets.xcassets in Resources */,
				0405DC91284DBEDD005C0111 /* Poppins-LightItalic.ttf in Resources */,
				0405DC94284DBEDD005C0111 /* Poppins-Italic.ttf in Resources */,
				0405DC87284DBEDD005C0111 /* Poppins-Medium.ttf in Resources */,
				0405DC8C284DBEDD005C0111 /* Poppins-ExtraLightItalic.ttf in Resources */,
				0405DC8E284DBEDD005C0111 /* Poppins-Thin.ttf in Resources */,
				0405DC8A284DBEDD005C0111 /* Poppins-Bold.ttf in Resources */,
				0405DC8D284DBEDD005C0111 /* Poppins-Black.ttf in Resources */,
				0405DC8F284DBEDD005C0111 /* Poppins-BlackItalic.ttf in Resources */,
				0405DC89284DBEDD005C0111 /* Poppins-ThinItalic.ttf in Resources */,
				0405DC90284DBEDD005C0111 /* Poppins-ExtraBold.ttf in Resources */,
				0405DC62284D4E59005C0111 /* Main.storyboard in Resources */,
				0405DC92284DBEDD005C0111 /* Poppins-Regular.ttf in Resources */,
				0405DC96284DC080005C0111 /* Auth.storyboard in Resources */,
				0405DC86284DBEDD005C0111 /* Poppins-ExtraLight.ttf in Resources */,
			);
			runOnlyForDeploymentPostprocessing = 0;
		};
/* End PBXResourcesBuildPhase section */

/* Begin PBXSourcesBuildPhase section */
		0405DC53284D4E59005C0111 /* Sources */ = {
			isa = PBXSourcesBuildPhase;
			buildActionMask = 2147483647;
			files = (
				0405DC5F284D4E59005C0111 /* WelcomeViewController.swift in Sources */,
				0405DC5B284D4E59005C0111 /* AppDelegate.swift in Sources */,
				0405DC5D284D4E59005C0111 /* SceneDelegate.swift in Sources */,
				0405DC99284DC4BA005C0111 /* ColorPalette.swift in Sources */,
			);
			runOnlyForDeploymentPostprocessing = 0;
		};
/* End PBXSourcesBuildPhase section */

/* Begin PBXVariantGroup section */
		0405DC60284D4E59005C0111 /* Main.storyboard */ = {
			isa = PBXVariantGroup;
			children = (
				0405DC61284D4E59005C0111 /* Base */,
			);
			name = Main.storyboard;
			sourceTree = "<group>";
		};
		0405DC65284D4E5A005C0111 /* LaunchScreen.storyboard */ = {
			isa = PBXVariantGroup;
			children = (
				0405DC66284D4E5A005C0111 /* Base */,
			);
			name = LaunchScreen.storyboard;
			sourceTree = "<group>";
		};
/* End PBXVariantGroup section */

/* Begin XCBuildConfiguration section */
		0405DC69284D4E5A005C0111 /* Debug */ = {
			isa = XCBuildConfiguration;
			buildSettings = {
				ALWAYS_SEARCH_USER_PATHS = NO;
				CLANG_ANALYZER_NONNULL = YES;
				CLANG_ANALYZER_NUMBER_OBJECT_CONVERSION = YES_AGGRESSIVE;
				CLANG_CXX_LANGUAGE_STANDARD = "gnu++17";
				CLANG_ENABLE_MODULES = YES;
				CLANG_ENABLE_OBJC_ARC = YES;
				CLANG_ENABLE_OBJC_WEAK = YES;
				CLANG_WARN_BLOCK_CAPTURE_AUTORELEASING = YES;
				CLANG_WARN_BOOL_CONVERSION = YES;
				CLANG_WARN_COMMA = YES;
				CLANG_WARN_CONSTANT_CONVERSION = YES;
				CLANG_WARN_DEPRECATED_OBJC_IMPLEMENTATIONS = YES;
				CLANG_WARN_DIRECT_OBJC_ISA_USAGE = YES_ERROR;
				CLANG_WARN_DOCUMENTATION_COMMENTS = YES;
				CLANG_WARN_EMPTY_BODY = YES;
				CLANG_WARN_ENUM_CONVERSION = YES;
				CLANG_WARN_INFINITE_RECURSION = YES;
				CLANG_WARN_INT_CONVERSION = YES;
				CLANG_WARN_NON_LITERAL_NULL_CONVERSION = YES;
				CLANG_WARN_OBJC_IMPLICIT_RETAIN_SELF = YES;
				CLANG_WARN_OBJC_LITERAL_CONVERSION = YES;
				CLANG_WARN_OBJC_ROOT_CLASS = YES_ERROR;
				CLANG_WARN_QUOTED_INCLUDE_IN_FRAMEWORK_HEADER = YES;
				CLANG_WARN_RANGE_LOOP_ANALYSIS = YES;
				CLANG_WARN_STRICT_PROTOTYPES = YES;
				CLANG_WARN_SUSPICIOUS_MOVE = YES;
				CLANG_WARN_UNGUARDED_AVAILABILITY = YES_AGGRESSIVE;
				CLANG_WARN_UNREACHABLE_CODE = YES;
				CLANG_WARN__DUPLICATE_METHOD_MATCH = YES;
				COPY_PHASE_STRIP = NO;
				DEBUG_INFORMATION_FORMAT = dwarf;
				ENABLE_STRICT_OBJC_MSGSEND = YES;
				ENABLE_TESTABILITY = YES;
				GCC_C_LANGUAGE_STANDARD = gnu11;
				GCC_DYNAMIC_NO_PIC = NO;
				GCC_NO_COMMON_BLOCKS = YES;
				GCC_OPTIMIZATION_LEVEL = 0;
				GCC_PREPROCESSOR_DEFINITIONS = (
					"DEBUG=1",
					"$(inherited)",
				);
				GCC_WARN_64_TO_32_BIT_CONVERSION = YES;
				GCC_WARN_ABOUT_RETURN_TYPE = YES_ERROR;
				GCC_WARN_UNDECLARED_SELECTOR = YES;
				GCC_WARN_UNINITIALIZED_AUTOS = YES_AGGRESSIVE;
				GCC_WARN_UNUSED_FUNCTION = YES;
				GCC_WARN_UNUSED_VARIABLE = YES;
				IPHONEOS_DEPLOYMENT_TARGET = 15.4;
				MTL_ENABLE_DEBUG_INFO = INCLUDE_SOURCE;
				MTL_FAST_MATH = YES;
				ONLY_ACTIVE_ARCH = YES;
				SDKROOT = iphoneos;
				SWIFT_ACTIVE_COMPILATION_CONDITIONS = DEBUG;
				SWIFT_OPTIMIZATION_LEVEL = "-Onone";
			};
			name = Debug;
		};
		0405DC6A284D4E5A005C0111 /* Release */ = {
			isa = XCBuildConfiguration;
			buildSettings = {
				ALWAYS_SEARCH_USER_PATHS = NO;
				CLANG_ANALYZER_NONNULL = YES;
				CLANG_ANALYZER_NUMBER_OBJECT_CONVERSION = YES_AGGRESSIVE;
				CLANG_CXX_LANGUAGE_STANDARD = "gnu++17";
				CLANG_ENABLE_MODULES = YES;
				CLANG_ENABLE_OBJC_ARC = YES;
				CLANG_ENABLE_OBJC_WEAK = YES;
				CLANG_WARN_BLOCK_CAPTURE_AUTORELEASING = YES;
				CLANG_WARN_BOOL_CONVERSION = YES;
				CLANG_WARN_COMMA = YES;
				CLANG_WARN_CONSTANT_CONVERSION = YES;
				CLANG_WARN_DEPRECATED_OBJC_IMPLEMENTATIONS = YES;
				CLANG_WARN_DIRECT_OBJC_ISA_USAGE = YES_ERROR;
				CLANG_WARN_DOCUMENTATION_COMMENTS = YES;
				CLANG_WARN_EMPTY_BODY = YES;
				CLANG_WARN_ENUM_CONVERSION = YES;
				CLANG_WARN_INFINITE_RECURSION = YES;
				CLANG_WARN_INT_CONVERSION = YES;
				CLANG_WARN_NON_LITERAL_NULL_CONVERSION = YES;
				CLANG_WARN_OBJC_IMPLICIT_RETAIN_SELF = YES;
				CLANG_WARN_OBJC_LITERAL_CONVERSION = YES;
				CLANG_WARN_OBJC_ROOT_CLASS = YES_ERROR;
				CLANG_WARN_QUOTED_INCLUDE_IN_FRAMEWORK_HEADER = YES;
				CLANG_WARN_RANGE_LOOP_ANALYSIS = YES;
				CLANG_WARN_STRICT_PROTOTYPES = YES;
				CLANG_WARN_SUSPICIOUS_MOVE = YES;
				CLANG_WARN_UNGUARDED_AVAILABILITY = YES_AGGRESSIVE;
				CLANG_WARN_UNREACHABLE_CODE = YES;
				CLANG_WARN__DUPLICATE_METHOD_MATCH = YES;
				COPY_PHASE_STRIP = NO;
				DEBUG_INFORMATION_FORMAT = "dwarf-with-dsym";
				ENABLE_NS_ASSERTIONS = NO;
				ENABLE_STRICT_OBJC_MSGSEND = YES;
				GCC_C_LANGUAGE_STANDARD = gnu11;
				GCC_NO_COMMON_BLOCKS = YES;
				GCC_WARN_64_TO_32_BIT_CONVERSION = YES;
				GCC_WARN_ABOUT_RETURN_TYPE = YES_ERROR;
				GCC_WARN_UNDECLARED_SELECTOR = YES;
				GCC_WARN_UNINITIALIZED_AUTOS = YES_AGGRESSIVE;
				GCC_WARN_UNUSED_FUNCTION = YES;
				GCC_WARN_UNUSED_VARIABLE = YES;
				IPHONEOS_DEPLOYMENT_TARGET = 15.4;
				MTL_ENABLE_DEBUG_INFO = NO;
				MTL_FAST_MATH = YES;
				SDKROOT = iphoneos;
				SWIFT_COMPILATION_MODE = wholemodule;
				SWIFT_OPTIMIZATION_LEVEL = "-O";
				VALIDATE_PRODUCT = YES;
			};
			name = Release;
		};
		0405DC6C284D4E5A005C0111 /* Debug */ = {
			isa = XCBuildConfiguration;
			buildSettings = {
				ASSETCATALOG_COMPILER_APPICON_NAME = AppIcon;
				ASSETCATALOG_COMPILER_GLOBAL_ACCENT_COLOR_NAME = AccentColor;
				CODE_SIGN_STYLE = Automatic;
				CURRENT_PROJECT_VERSION = 1;
				DEVELOPMENT_TEAM = N53NK75LZU;
				GENERATE_INFOPLIST_FILE = YES;
				INFOPLIST_FILE = GoFit/Info.plist;
				INFOPLIST_KEY_UIApplicationSupportsIndirectInputEvents = YES;
				INFOPLIST_KEY_UILaunchStoryboardName = LaunchScreen;
				INFOPLIST_KEY_UIMainStoryboardFile = Auth;
				INFOPLIST_KEY_UISupportedInterfaceOrientations_iPad = "UIInterfaceOrientationPortrait UIInterfaceOrientationPortraitUpsideDown UIInterfaceOrientationLandscapeLeft UIInterfaceOrientationLandscapeRight";
				INFOPLIST_KEY_UISupportedInterfaceOrientations_iPhone = "UIInterfaceOrientationPortrait UIInterfaceOrientationLandscapeLeft UIInterfaceOrientationLandscapeRight";
				LD_RUNPATH_SEARCH_PATHS = (
					"$(inherited)",
					"@executable_path/Frameworks",
				);
				MARKETING_VERSION = 1.0;
				PRODUCT_BUNDLE_IDENTIFIER = com.Sanzhar.GoFit;
				PRODUCT_NAME = "$(TARGET_NAME)";
				SWIFT_EMIT_LOC_STRINGS = YES;
				SWIFT_VERSION = 5.0;
				TARGETED_DEVICE_FAMILY = "1,2";
			};
			name = Debug;
		};
		0405DC6D284D4E5A005C0111 /* Release */ = {
			isa = XCBuildConfiguration;
			buildSettings = {
				ASSETCATALOG_COMPILER_APPICON_NAME = AppIcon;
				ASSETCATALOG_COMPILER_GLOBAL_ACCENT_COLOR_NAME = AccentColor;
				CODE_SIGN_STYLE = Automatic;
				CURRENT_PROJECT_VERSION = 1;
				DEVELOPMENT_TEAM = N53NK75LZU;
				GENERATE_INFOPLIST_FILE = YES;
				INFOPLIST_FILE = GoFit/Info.plist;
				INFOPLIST_KEY_UIApplicationSupportsIndirectInputEvents = YES;
				INFOPLIST_KEY_UILaunchStoryboardName = LaunchScreen;
				INFOPLIST_KEY_UIMainStoryboardFile = Auth;
				INFOPLIST_KEY_UISupportedInterfaceOrientations_iPad = "UIInterfaceOrientationPortrait UIInterfaceOrientationPortraitUpsideDown UIInterfaceOrientationLandscapeLeft UIInterfaceOrientationLandscapeRight";
				INFOPLIST_KEY_UISupportedInterfaceOrientations_iPhone = "UIInterfaceOrientationPortrait UIInterfaceOrientationLandscapeLeft UIInterfaceOrientationLandscapeRight";
				LD_RUNPATH_SEARCH_PATHS = (
					"$(inherited)",
					"@executable_path/Frameworks",
				);
				MARKETING_VERSION = 1.0;
				PRODUCT_BUNDLE_IDENTIFIER = com.Sanzhar.GoFit;
				PRODUCT_NAME = "$(TARGET_NAME)";
				SWIFT_EMIT_LOC_STRINGS = YES;
				SWIFT_VERSION = 5.0;
				TARGETED_DEVICE_FAMILY = "1,2";
			};
			name = Release;
		};
/* End XCBuildConfiguration section */

/* Begin XCConfigurationList section */
		0405DC52284D4E59005C0111 /* Build configuration list for PBXProject "GoFit" */ = {
			isa = XCConfigurationList;
			buildConfigurations = (
				0405DC69284D4E5A005C0111 /* Debug */,
				0405DC6A284D4E5A005C0111 /* Release */,
			);
			defaultConfigurationIsVisible = 0;
			defaultConfigurationName = Release;
		};
		0405DC6B284D4E5A005C0111 /* Build configuration list for PBXNativeTarget "GoFit" */ = {
			isa = XCConfigurationList;
			buildConfigurations = (
				0405DC6C284D4E5A005C0111 /* Debug */,
				0405DC6D284D4E5A005C0111 /* Release */,
			);
			defaultConfigurationIsVisible = 0;
			defaultConfigurationName = Release;
		};
/* End XCConfigurationList section */
	};
	rootObject = 0405DC4F284D4E59005C0111 /* Project object */;
}
